// !$*UTF8*$!
{
	archiveVersion = 1;
	classes = {
	};
	objectVersion = 46;
	objects = {

/* Begin PBXBuildFile section */
		8530BA0D1E7D8AAA00B4B829 /* AppDelegate.swift in Sources */ = {isa = PBXBuildFile; fileRef = 8530BA0C1E7D8AAA00B4B829 /* AppDelegate.swift */; };
		8530BA0F1E7D8AAA00B4B829 /* ViewController.swift in Sources */ = {isa = PBXBuildFile; fileRef = 8530BA0E1E7D8AAA00B4B829 /* ViewController.swift */; };
		8530BA121E7D8AAA00B4B829 /* Main.storyboard in Resources */ = {isa = PBXBuildFile; fileRef = 8530BA101E7D8AAA00B4B829 /* Main.storyboard */; };
		8530BA141E7D8AAA00B4B829 /* Assets.xcassets in Resources */ = {isa = PBXBuildFile; fileRef = 8530BA131E7D8AAA00B4B829 /* Assets.xcassets */; };
		8530BA171E7D8AAA00B4B829 /* LaunchScreen.storyboard in Resources */ = {isa = PBXBuildFile; fileRef = 8530BA151E7D8AAA00B4B829 /* LaunchScreen.storyboard */; };
/* End PBXBuildFile section */

/* Begin PBXFileReference section */
		8530BA091E7D8AAA00B4B829 /* myapp.app */ = {isa = PBXFileReference; explicitFileType = wrapper.application; includeInIndex = 0; path = myapp.app; sourceTree = BUILT_PRODUCTS_DIR; };
		8530BA0C1E7D8AAA00B4B829 /* AppDelegate.swift */ = {isa = PBXFileReference; lastKnownFileType = sourcecode.swift; path = AppDelegate.swift; sourceTree = "<group>"; };
		8530BA0E1E7D8AAA00B4B829 /* ViewController.swift */ = {isa = PBXFileReference; lastKnownFileType = sourcecode.swift; path = ViewController.swift; sourceTree = "<group>"; };
		8530BA111E7D8AAA00B4B829 /* Base */ = {isa = PBXFileReference; lastKnownFileType = file.storyboard; name = Base; path = Base.lproj/Main.storyboard; sourceTree = "<group>"; };
		8530BA131E7D8AAA00B4B829 /* Assets.xcassets */ = {isa = PBXFileReference; lastKnownFileType = folder.assetcatalog; path = Assets.xcassets; sourceTree = "<group>"; };
		8530BA161E7D8AAA00B4B829 /* Base */ = {isa = PBXFileReference; lastKnownFileType = file.storyboard; name = Base; path = Base.lproj/LaunchScreen.storyboard; sourceTree = "<group>"; };
		8530BA181E7D8AAA00B4B829 /* Info.plist */ = {isa = PBXFileReference; lastKnownFileType = text.plist.xml; path = Info.plist; sourceTree = "<group>"; };
/* End PBXFileReference section */

/* Begin PBXFrameworksBuildPhase section */
		8530BA061E7D8AA900B4B829 /* Frameworks */ = {
			isa = PBXFrameworksBuildPhase;
			buildActionMask = 2147483647;
			files = (
			);
			runOnlyForDeploymentPostprocessing = 0;
		};
/* End PBXFrameworksBuildPhase section */

/* Begin PBXGroup section */
		8530BA001E7D8AA900B4B829 = {
			isa = PBXGroup;
			children = (
				8530BA0B1E7D8AAA00B4B829 /* myapp */,
				8530BA0A1E7D8AAA00B4B829 /* Products */,
			);
			sourceTree = "<group>";
		};
		8530BA0A1E7D8AAA00B4B829 /* Products */ = {
			isa = PBXGroup;
			children = (
				8530BA091E7D8AAA00B4B829 /* myapp.app */,
			);
			name = Products;
			sourceTree = "<group>";
		};
		8530BA0B1E7D8AAA00B4B829 /* myapp */ = {
			isa = PBXGroup;
			children = (
				8530BA0C1E7D8AAA00B4B829 /* AppDelegate.swift */,
				8530BA0E1E7D8AAA00B4B829 /* ViewController.swift */,
				8530BA101E7D8AAA00B4B829 /* Main.storyboard */,
				8530BA131E7D8AAA00B4B829 /* Assets.xcassets */,
				8530BA151E7D8AAA00B4B829 /* LaunchScreen.storyboard */,
				8530BA181E7D8AAA00B4B829 /* Info.plist */,
			);
			path = myapp;
			sourceTree = "<group>";
		};
/* End PBXGroup section */

/* Begin PBXNativeTarget section */
		8530BA081E7D8AA900B4B829 /* myapp */ = {
			isa = PBXNativeTarget;
			buildConfigurationList = 8530BA1B1E7D8AAA00B4B829 /* Build configuration list for PBXNativeTarget "myapp" */;
			buildPhases = (
				8530BA051E7D8AA900B4B829 /* Sources */,
				8530BA061E7D8AA900B4B829 /* Frameworks */,
				8530BA071E7D8AA900B4B829 /* Resources */,
			);
			buildRules = (
			);
			dependencies = (
			);
			name = myapp;
			productName = myapp;
			productReference = 8530BA091E7D8AAA00B4B829 /* myapp.app */;
			productType = "com.apple.product-type.application";
		};
/* End PBXNativeTarget section */

/* Begin PBXProject section */
		8530BA011E7D8AA900B4B829 /* Project object */ = {
			isa = PBXProject;
			attributes = {
				LastSwiftUpdateCheck = 0820;
				LastUpgradeCheck = 0820;
				ORGANIZATIONNAME = "Pawel Szydlowski";
				TargetAttributes = {
					8530BA081E7D8AA900B4B829 = {
						CreatedOnToolsVersion = 8.2.1;
						DevelopmentTeam = 297W77MNZY;
						ProvisioningStyle = Automatic;
					};
				};
			};
			buildConfigurationList = 8530BA041E7D8AA900B4B829 /* Build configuration list for PBXProject "myapp" */;
			compatibilityVersion = "Xcode 3.2";
			developmentRegion = English;
			hasScannedForEncodings = 0;
			knownRegions = (
				en,
				Base,
			);
			mainGroup = 8530BA001E7D8AA900B4B829;
			productRefGroup = 8530BA0A1E7D8AAA00B4B829 /* Products */;
			projectDirPath = "";
			projectRoot = "";
			targets = (
				8530BA081E7D8AA900B4B829 /* myapp */,
			);
		};
/* End PBXProject section */

/* Begin PBXResourcesBuildPhase section */
		8530BA071E7D8AA900B4B829 /* Resources */ = {
			isa = PBXResourcesBuildPhase;
			buildActionMask = 2147483647;
			files = (
				8530BA171E7D8AAA00B4B829 /* LaunchScreen.storyboard in Resources */,
				8530BA141E7D8AAA00B4B829 /* Assets.xcassets in Resources */,
				8530BA121E7D8AAA00B4B829 /* Main.storyboard in Resources */,
			);
			runOnlyForDeploymentPostprocessing = 0;
		};
/* End PBXResourcesBuildPhase section */

/* Begin PBXSourcesBuildPhase section */
		8530BA051E7D8AA900B4B829 /* Sources */ = {
			isa = PBXSourcesBuildPhase;
			buildActionMask = 2147483647;
			files = (
				8530BA0F1E7D8AAA00B4B829 /* ViewController.swift in Sources */,
				8530BA0D1E7D8AAA00B4B829 /* AppDelegate.swift in Sources */,
			);
			runOnlyForDeploymentPostprocessing = 0;
		};
/* End PBXSourcesBuildPhase section */

/* Begin PBXVariantGroup section */
		8530BA101E7D8AAA00B4B829 /* Main.storyboard */ = {
			isa = PBXVariantGroup;
			children = (
				8530BA111E7D8AAA00B4B829 /* Base */,
			);
			name = Main.storyboard;
			sourceTree = "<group>";
		};
		8530BA151E7D8AAA00B4B829 /* LaunchScreen.storyboard */ = {
			isa = PBXVariantGroup;
			children = (
				8530BA161E7D8AAA00B4B829 /* Base */,
			);
			name = LaunchScreen.storyboard;
			sourceTree = "<group>";
		};
/* End PBXVariantGroup section */

/* Begin XCBuildConfiguration section */
		8530BA191E7D8AAA00B4B829 /* Debug */ = {
			isa = XCBuildConfiguration;
			buildSettings = {
				ALWAYS_SEARCH_USER_PATHS = NO;
				CLANG_ANALYZER_NONNULL = YES;
				CLANG_CXX_LANGUAGE_STANDARD = "gnu++0x";
				CLANG_CXX_LIBRARY = "libc++";
				CLANG_ENABLE_MODULES = YES;
				CLANG_ENABLE_OBJC_ARC = YES;
				CLANG_WARN_BOOL_CONVERSION = YES;
				CLANG_WARN_CONSTANT_CONVERSION = YES;
				CLANG_WARN_DIRECT_OBJC_ISA_USAGE = YES_ERROR;
				CLANG_WARN_DOCUMENTATION_COMMENTS = YES;
				CLANG_WARN_EMPTY_BODY = YES;
				CLANG_WARN_ENUM_CONVERSION = YES;
				CLANG_WARN_INFINITE_RECURSION = YES;
				CLANG_WARN_INT_CONVERSION = YES;
				CLANG_WARN_OBJC_ROOT_CLASS = YES_ERROR;
				CLANG_WARN_SUSPICIOUS_MOVE = YES;
				CLANG_WARN_UNREACHABLE_CODE = YES;
				CLANG_WARN__DUPLICATE_METHOD_MATCH = YES;
				"CODE_SIGN_IDENTITY[sdk=iphoneos*]" = "iPhone Developer";
				COPY_PHASE_STRIP = NO;
				DEBUG_INFORMATION_FORMAT = dwarf;
				ENABLE_STRICT_OBJC_MSGSEND = YES;
				ENABLE_TESTABILITY = YES;
				GCC_C_LANGUAGE_STANDARD = gnu99;
				GCC_DYNAMIC_NO_PIC = NO;
				GCC_NO_COMMON_BLOCKS = YES;
				GCC_OPTIMIZATION_LEVEL = 0;
				GCC_PREPROCESSOR_DEFINITIONS = (
					"DEBUG=1",
					"$(inherited)",
				);
				GCC_WARN_64_TO_32_BIT_CONVERSION = YES;
				GCC_WARN_ABOUT_RETURN_TYPE = YES_ERROR;
				GCC_WARN_UNDECLARED_SELECTOR = YES;
				GCC_WARN_UNINITIALIZED_AUTOS = YES_AGGRESSIVE;
				GCC_WARN_UNUSED_FUNCTION = YES;
				GCC_WARN_UNUSED_VARIABLE = YES;
				IPHONEOS_DEPLOYMENT_TARGET = 10.2;
				MTL_ENABLE_DEBUG_INFO = YES;
				ONLY_ACTIVE_ARCH = YES;
				SDKROOT = iphoneos;
				SWIFT_ACTIVE_COMPILATION_CONDITIONS = DEBUG;
				SWIFT_OPTIMIZATION_LEVEL = "-Onone";
			};
			name = Debug;
		};
		8530BA1A1E7D8AAA00B4B829 /* Release */ = {
			isa = XCBuildConfiguration;
			buildSettings = {
				ALWAYS_SEARCH_USER_PATHS = NO;
				CLANG_ANALYZER_NONNULL = YES;
				CLANG_CXX_LANGUAGE_STANDARD = "gnu++0x";
				CLANG_CXX_LIBRARY = "libc++";
				CLANG_ENABLE_MODULES = YES;
				CLANG_ENABLE_OBJC_ARC = YES;
				CLANG_WARN_BOOL_CONVERSION = YES;
				CLANG_WARN_CONSTANT_CONVERSION = YES;
				CLANG_WARN_DIRECT_OBJC_ISA_USAGE = YES_ERROR;
				CLANG_WARN_DOCUMENTATION_COMMENTS = YES;
				CLANG_WARN_EMPTY_BODY = YES;
				CLANG_WARN_ENUM_CONVERSION = YES;
				CLANG_WARN_INFINITE_RECURSION = YES;
				CLANG_WARN_INT_CONVERSION = YES;
				CLANG_WARN_OBJC_ROOT_CLASS = YES_ERROR;
				CLANG_WARN_SUSPICIOUS_MOVE = YES;
				CLANG_WARN_UNREACHABLE_CODE = YES;
				CLANG_WARN__DUPLICATE_METHOD_MATCH = YES;
				"CODE_SIGN_IDENTITY[sdk=iphoneos*]" = "iPhone Developer";
				COPY_PHASE_STRIP = NO;
				DEBUG_INFORMATION_FORMAT = "dwarf-with-dsym";
				ENABLE_NS_ASSERTIONS = NO;
				ENABLE_STRICT_OBJC_MSGSEND = YES;
				GCC_C_LANGUAGE_STANDARD = gnu99;
				GCC_NO_COMMON_BLOCKS = YES;
				GCC_WARN_64_TO_32_BIT_CONVERSION = YES;
				GCC_WARN_ABOUT_RETURN_TYPE = YES_ERROR;
				GCC_WARN_UNDECLARED_SELECTOR = YES;
				GCC_WARN_UNINITIALIZED_AUTOS = YES_AGGRESSIVE;
				GCC_WARN_UNUSED_FUNCTION = YES;
				GCC_WARN_UNUSED_VARIABLE = YES;
				IPHONEOS_DEPLOYMENT_TARGET = 10.2;
				MTL_ENABLE_DEBUG_INFO = NO;
				SDKROOT = iphoneos;
				SWIFT_OPTIMIZATION_LEVEL = "-Owholemodule";
				VALIDATE_PRODUCT = YES;
			};
			name = Release;
		};
		8530BA1C1E7D8AAA00B4B829 /* Debug */ = {
			isa = XCBuildConfiguration;
			buildSettings = {
				ASSETCATALOG_COMPILER_APPICON_NAME = AppIcon;
				DEVELOPMENT_TEAM = 297W77MNZY;
				INFOPLIST_FILE = myapp/Info.plist;
				LD_RUNPATH_SEARCH_PATHS = "$(inherited) @executable_path/Frameworks";
				PRODUCT_BUNDLE_IDENTIFIER = com.szydlowsky.myapp;
				PRODUCT_NAME = "$(TARGET_NAME)";
				SWIFT_VERSION = 3.0;
			};
			name = Debug;
		};
		8530BA1D1E7D8AAA00B4B829 /* Release */ = {
			isa = XCBuildConfiguration;
			buildSettings = {
				ASSETCATALOG_COMPILER_APPICON_NAME = AppIcon;
				DEVELOPMENT_TEAM = 297W77MNZY;
				INFOPLIST_FILE = myapp/Info.plist;
				LD_RUNPATH_SEARCH_PATHS = "$(inherited) @executable_path/Frameworks";
				PRODUCT_BUNDLE_IDENTIFIER = com.szydlowsky.myapp;
				PRODUCT_NAME = "$(TARGET_NAME)";
				SWIFT_VERSION = 3.0;
			};
			name = Release;
		};
/* End XCBuildConfiguration section */

/* Begin XCConfigurationList section */
		8530BA041E7D8AA900B4B829 /* Build configuration list for PBXProject "myapp" */ = {
			isa = XCConfigurationList;
			buildConfigurations = (
				8530BA191E7D8AAA00B4B829 /* Debug */,
				8530BA1A1E7D8AAA00B4B829 /* Release */,
			);
			defaultConfigurationIsVisible = 0;
			defaultConfigurationName = Release;
		};
		8530BA1B1E7D8AAA00B4B829 /* Build configuration list for PBXNativeTarget "myapp" */ = {
			isa = XCConfigurationList;
			buildConfigurations = (
				8530BA1C1E7D8AAA00B4B829 /* Debug */,
				8530BA1D1E7D8AAA00B4B829 /* Release */,
			);
			defaultConfigurationIsVisible = 0;
		};
/* End XCConfigurationList section */
	};
	rootObject = 8530BA011E7D8AA900B4B829 /* Project object */;
}
